<Solution>
  <Configurations>
    <Platform Name="x64" />
    <Platform Name="x86" />
  </Configurations>
  <Project Path="Backend/Backend.vcxproj" Id="88fc5821-d18b-4c86-b749-b2337d9678c1" />
  <Project Path="Common/Common.vcxproj" Id="c17e9edc-c0ec-49c6-90e8-9b57a0574197" />
  <Project Path="Engine/Engine.vcxproj" Id="f7559ea9-828b-429c-a67c-d949948e8c3d" />
  <Project Path="Renderer/Renderer.vcxproj" Id="8b6fa855-2238-4079-841d-652151836a94" />
  <Project Path="Testing/Testing.vcxproj" Id="7c1b8cb6-4fd8-43ba-ad20-c90e6b396f0f" />
</Solution>
